
Microsoft Visual Studio Solution File, Format Version 12.00
# Visual Studio Version 17
VisualStudioVersion = 17.14.36121.58 d17.14
MinimumVisualStudioVersion = 10.0.40219.1
Project("{FAE04EC0-301F-11D3-BF4B-00C04F79EFBC}") = "ShipSimulatorBackend", "ShipSimulatorBackend\ShipSimulatorBackend.csproj", "{E4B78C24-9E86-496D-B368-23E51501DE65}"
EndProject
Global
	GlobalSection(SolutionConfigurationPlatforms) = preSolution
		Debug|Any CPU = Debug|Any CPU
		Release|Any CPU = Release|Any CPU
	EndGlobalSection
	GlobalSection(ProjectConfigurationPlatforms) = postSolution
		{E4B78C24-9E86-496D-B368-23E51501DE65}.Debug|Any CPU.ActiveCfg = Debug|Any CPU
		{E4B78C24-9E86-496D-B368-23E51501DE65}.Debug|Any CPU.Build.0 = Debug|Any CPU
		{E4B78C24-9E86-496D-B368-23E51501DE65}.Release|Any CPU.ActiveCfg = Release|Any CPU
		{E4B78C24-9E86-496D-B368-23E51501DE65}.Release|Any CPU.Build.0 = Release|Any CPU
	EndGlobalSection
	GlobalSection(SolutionProperties) = preSolution
		HideSolutionNode = FALSE
	EndGlobalSection
	GlobalSection(ExtensibilityGlobals) = postSolution
		SolutionGuid = {1B97851B-6775-482F-BB70-DC1B173CFB49}
	EndGlobalSection
EndGlobal
